
Microsoft Visual Studio Solution File, Format Version 12.00
# Visual Studio 15
VisualStudioVersion = 15.0.28307.539
MinimumVisualStudioVersion = 10.0.40219.1
Project("{FAE04EC0-301F-11D3-BF4B-00C04F79EFBC}") = "Gaming.Breakout", "Gaming.Breakout\Gaming.Breakout.csproj", "{26434BD0-3ED2-4983-AA31-6A29AD680D69}"
EndProject
Global
	GlobalSection(SolutionConfigurationPlatforms) = preSolution
		Debug|Any CPU = Debug|Any CPU
		Release|Any CPU = Release|Any CPU
	EndGlobalSection
	GlobalSection(ProjectConfigurationPlatforms) = postSolution
		{26434BD0-3ED2-4983-AA31-6A29AD680D69}.Debug|Any CPU.ActiveCfg = Debug|Any CPU
		{26434BD0-3ED2-4983-AA31-6A29AD680D69}.Debug|Any CPU.Build.0 = Debug|Any CPU
		{26434BD0-3ED2-4983-AA31-6A29AD680D69}.Release|Any CPU.ActiveCfg = Release|Any CPU
		{26434BD0-3ED2-4983-AA31-6A29AD680D69}.Release|Any CPU.Build.0 = Release|Any CPU
	EndGlobalSection
	GlobalSection(SolutionProperties) = preSolution
		HideSolutionNode = FALSE
	EndGlobalSection
	GlobalSection(ExtensibilityGlobals) = postSolution
		SolutionGuid = {E91D2FE2-7229-4880-8B38-3FD952D1EAC4}
	EndGlobalSection
EndGlobal
